<?xml version="1.0" encoding="utf-8"?>
<Project ToolsVersion="4.0" xmlns="http://schemas.microsoft.com/developer/msbuild/2003">
  <ItemGroup>
    <Filter Include="Source Files">
      <UniqueIdentifier>{4FC737F1-C7A5-4376-A066-2A32D752A2FF}</UniqueIdentifier>
      <Extensions>cpp;c;cc;cxx;def;odl;idl;hpj;bat;asm;asmx</Extensions>
    </Filter>
    <Filter Include="Header Files">
      <UniqueIdentifier>{93995380-89BD-4b04-88EB-625FBE52EBFB}</UniqueIdentifier>
      <Extensions>h;hh;hpp;hxx;hm;inl;inc;xsd</Extensions>
    </Filter>
    <Filter Include="Resource Files">
      <UniqueIdentifier>{67DA6AB6-F800-4c08-8B7A-83BB121AAD01}</UniqueIdentifier>
      <Extensions>rc;ico;cur;bmp;dlg;rc2;rct;bin;rgs;gif;jpg;jpeg;jpe;resx;tiff;tif;png;wav;mfcribbon-ms</Extensions>
    </Filter>
  </ItemGroup>
  <ItemGroup>
    <ClInclude Include="..\libs\physfs-2.0.3\physfs_internal.h">
      <Filter>Header Files</Filter>
    </ClInclude>
    <ClInclude Include="..\libs\physfs-2.0.3\physfs_platforms.h">
      <Filter>Header Files</Filter>
    </ClInclude>
    <ClInclude Include="..\libs\physfs-2.0.3\trees.h">
      <Filter>Header Files</Filter>
    </ClInclude>
    <ClInclude Include="..\libs\physfs-2.0.3\zconf.h">
      <Filter>Header Files</Filter>
    </ClInclude>
    <ClInclude Include="..\libs\physfs-2.0.3\zlib.h">
      <Filter>Header Files</Filter>
    </ClInclude>
    <ClInclude Include="..\libs\physfs-2.0.3\zutil.h">
      <Filter>Header Files</Filter>
    </ClInclude>
    <ClInclude Include="..\libs\physfs-2.0.3\crc32.h">
      <Filter>Header Files</Filter>
    </ClInclude>
    <ClInclude Include="..\libs\physfs-2.0.3\deflate.h">
      <Filter>Header Files</Filter>
    </ClInclude>
    <ClInclude Include="..\libs\physfs-2.0.3\inffast.h">
      <Filter>Header Files</Filter>
    </ClInclude>
    <ClInclude Include="..\libs\physfs-2.0.3\inffixed.h">
      <Filter>Header Files</Filter>
    </ClInclude>
    <ClInclude Include="..\libs\physfs-2.0.3\inflate.h">
      <Filter>Header Files</Filter>
    </ClInclude>
    <ClInclude Include="..\libs\physfs-2.0.3\inftrees.h">
      <Filter>Header Files</Filter>
    </ClInclude>
    <ClInclude Include="..\libs\physfs-2.0.3\physfs.h">
      <Filter>Header Files</Filter>
    </ClInclude>
    <ClInclude Include="..\libs\physfs-2.0.3\physfs_casefolding.h">
      <Filter>Header Files</Filter>
    </ClInclude>
  </ItemGroup>
  <ItemGroup>
    <ClCompile Include="..\libs\physfs-2.0.3\physfs_unicode.c">
      <Filter>Source Files</Filter>
    </ClCompile>
    <ClCompile Include="..\libs\physfs-2.0.3\pocketpc.c">
      <Filter>Source Files</Filter>
    </ClCompile>
    <ClCompile Include="..\libs\physfs-2.0.3\posix.c">
      <Filter>Source Files</Filter>
    </ClCompile>
    <ClCompile Include="..\libs\physfs-2.0.3\qpak.c">
      <Filter>Source Files</Filter>
    </ClCompile>
    <ClCompile Include="..\libs\physfs-2.0.3\trees.c">
      <Filter>Source Files</Filter>
    </ClCompile>
    <ClCompile Include="..\libs\physfs-2.0.3\uncompr.c">
      <Filter>Source Files</Filter>
    </ClCompile>
    <ClCompile Include="..\libs\physfs-2.0.3\unix.c">
      <Filter>Source Files</Filter>
    </ClCompile>
    <ClCompile Include="..\libs\physfs-2.0.3\wad.c">
      <Filter>Source Files</Filter>
    </ClCompile>
    <ClCompile Include="..\libs\physfs-2.0.3\windows.c">
      <Filter>Source Files</Filter>
    </ClCompile>
    <ClCompile Include="..\libs\physfs-2.0.3\zip.c">
      <Filter>Source Files</Filter>
    </ClCompile>
    <ClCompile Include="..\libs\physfs-2.0.3\zutil.c">
      <Filter>Source Files</Filter>
    </ClCompile>
    <ClCompile Include="..\libs\physfs-2.0.3\adler32.c">
      <Filter>Source Files</Filter>
    </ClCompile>
    <ClCompile Include="..\libs\physfs-2.0.3\beos.cpp">
      <Filter>Source Files</Filter>
    </ClCompile>
    <ClCompile Include="..\libs\physfs-2.0.3\compress.c">
      <Filter>Source Files</Filter>
    </ClCompile>
    <ClCompile Include="..\libs\physfs-2.0.3\crc32.c">
      <Filter>Source Files</Filter>
    </ClCompile>
    <ClCompile Include="..\libs\physfs-2.0.3\deflate.c">
      <Filter>Source Files</Filter>
    </ClCompile>
    <ClCompile Include="..\libs\physfs-2.0.3\dir.c">
      <Filter>Source Files</Filter>
    </ClCompile>
    <ClCompile Include="..\libs\physfs-2.0.3\grp.c">
      <Filter>Source Files</Filter>
    </ClCompile>
    <ClCompile Include="..\libs\physfs-2.0.3\gzio.c">
      <Filter>Source Files</Filter>
    </ClCompile>
    <ClCompile Include="..\libs\physfs-2.0.3\hog.c">
      <Filter>Source Files</Filter>
    </ClCompile>
    <ClCompile Include="..\libs\physfs-2.0.3\infback.c">
      <Filter>Source Files</Filter>
    </ClCompile>
    <ClCompile Include="..\libs\physfs-2.0.3\inffast.c">
      <Filter>Source Files</Filter>
    </ClCompile>
    <ClCompile Include="..\libs\physfs-2.0.3\inflate.c">
      <Filter>Source Files</Filter>
    </ClCompile>
    <ClCompile Include="..\libs\physfs-2.0.3\inftrees.c">
      <Filter>Source Files</Filter>
    </ClCompile>
    <ClCompile Include="..\libs\physfs-2.0.3\lzma.c">
      <Filter>Source Files</Filter>
    </ClCompile>
    <ClCompile Include="..\libs\physfs-2.0.3\macosx.c">
      <Filter>Source Files</Filter>
    </ClCompile>
    <ClCompile Include="..\libs\physfs-2.0.3\mvl.c">
      <Filter>Source Files</Filter>
    </ClCompile>
    <ClCompile Include="..\libs\physfs-2.0.3\os2.c">
      <Filter>Source Files</Filter>
    </ClCompile>
    <ClCompile Include="..\libs\physfs-2.0.3\physfs.c">
      <Filter>Source Files</Filter>
    </ClCompile>
    <ClCompile Include="..\libs\physfs-2.0.3\physfs_byteorder.c">
      <Filter>Source Files</Filter>
    </ClCompile>
  </ItemGroup>
  <ItemGroup>
    <None Include="..\libs\physfs-2.0.3\README" />
    <None Include="..\libs\physfs-2.0.3\.hgignore" />
    <None Include="..\libs\physfs-2.0.3\.hgtags" />
    <None Include="..\libs\physfs-2.0.3\Doxyfile" />
    <None Include="..\libs\physfs-2.0.3\makeos2.cmd" />
  </ItemGroup>
  <ItemGroup>
    <Text Include="..\libs\physfs-2.0.3\TODO.txt" />
    <Text Include="..\libs\physfs-2.0.3\.hg_archival.txt" />
    <Text Include="..\libs\physfs-2.0.3\CHANGELOG.txt" />
    <Text Include="..\libs\physfs-2.0.3\CMakeLists.txt" />
    <Text Include="..\libs\physfs-2.0.3\CREDITS.txt" />
    <Text Include="..\libs\physfs-2.0.3\INSTALL.txt" />
    <Text Include="..\libs\physfs-2.0.3\LICENSE.txt" />
  </ItemGroup>
</Project>