<?xml version="1.0" encoding="utf-8"?>
<Project ToolsVersion="4.0" xmlns="http://schemas.microsoft.com/developer/msbuild/2003">
  <ItemGroup>
    <Filter Include="Source Files">
      <UniqueIdentifier>{4FC737F1-C7A5-4376-A066-2A32D752A2FF}</UniqueIdentifier>
      <Extensions>cpp;c;cc;cxx;def;odl;idl;hpj;bat;asm;asmx</Extensions>
    </Filter>
    <Filter Include="Header Files">
      <UniqueIdentifier>{93995380-89BD-4b04-88EB-625FBE52EBFB}</UniqueIdentifier>
      <Extensions>h;hh;hpp;hxx;hm;inl;inc;xsd</Extensions>
    </Filter>
    <Filter Include="Resource Files">
      <UniqueIdentifier>{67DA6AB6-F800-4c08-8B7A-83BB121AAD01}</UniqueIdentifier>
      <Extensions>rc;ico;cur;bmp;dlg;rc2;rct;bin;rgs;gif;jpg;jpeg;jpe;resx;tiff;tif;png;wav;mfcribbon-ms</Extensions>
    </Filter>
    <Filter Include="lua">
      <UniqueIdentifier>{c1feb96e-784b-42e8-ad0b-b5fe111d0d24}</UniqueIdentifier>
    </Filter>
  </ItemGroup>
  <ItemGroup>
    <ClCompile Include="main.cpp">
      <Filter>Source Files</Filter>
    </ClCompile>
    <ClCompile Include="..\libs\lua-5.3.2\src\lapi.c">
      <Filter>lua</Filter>
    </ClCompile>
    <ClCompile Include="..\libs\lua-5.3.2\src\lauxlib.c">
      <Filter>lua</Filter>
    </ClCompile>
    <ClCompile Include="..\libs\lua-5.3.2\src\lbaselib.c">
      <Filter>lua</Filter>
    </ClCompile>
    <ClCompile Include="..\libs\lua-5.3.2\src\lbitlib.c">
      <Filter>lua</Filter>
    </ClCompile>
    <ClCompile Include="..\libs\lua-5.3.2\src\lcode.c">
      <Filter>lua</Filter>
    </ClCompile>
    <ClCompile Include="..\libs\lua-5.3.2\src\lcorolib.c">
      <Filter>lua</Filter>
    </ClCompile>
    <ClCompile Include="..\libs\lua-5.3.2\src\lctype.c">
      <Filter>lua</Filter>
    </ClCompile>
    <ClCompile Include="..\libs\lua-5.3.2\src\ldblib.c">
      <Filter>lua</Filter>
    </ClCompile>
    <ClCompile Include="..\libs\lua-5.3.2\src\ldebug.c">
      <Filter>lua</Filter>
    </ClCompile>
    <ClCompile Include="..\libs\lua-5.3.2\src\ldo.c">
      <Filter>lua</Filter>
    </ClCompile>
    <ClCompile Include="..\libs\lua-5.3.2\src\ldump.c">
      <Filter>lua</Filter>
    </ClCompile>
    <ClCompile Include="..\libs\lua-5.3.2\src\lfunc.c">
      <Filter>lua</Filter>
    </ClCompile>
    <ClCompile Include="..\libs\lua-5.3.2\src\lgc.c">
      <Filter>lua</Filter>
    </ClCompile>
    <ClCompile Include="..\libs\lua-5.3.2\src\linit.c">
      <Filter>lua</Filter>
    </ClCompile>
    <ClCompile Include="..\libs\lua-5.3.2\src\liolib.c">
      <Filter>lua</Filter>
    </ClCompile>
    <ClCompile Include="..\libs\lua-5.3.2\src\llex.c">
      <Filter>lua</Filter>
    </ClCompile>
    <ClCompile Include="..\libs\lua-5.3.2\src\lmathlib.c">
      <Filter>lua</Filter>
    </ClCompile>
    <ClCompile Include="..\libs\lua-5.3.2\src\lmem.c">
      <Filter>lua</Filter>
    </ClCompile>
    <ClCompile Include="..\libs\lua-5.3.2\src\loadlib.c">
      <Filter>lua</Filter>
    </ClCompile>
    <ClCompile Include="..\libs\lua-5.3.2\src\lobject.c">
      <Filter>lua</Filter>
    </ClCompile>
    <ClCompile Include="..\libs\lua-5.3.2\src\lopcodes.c">
      <Filter>lua</Filter>
    </ClCompile>
    <ClCompile Include="..\libs\lua-5.3.2\src\loslib.c">
      <Filter>lua</Filter>
    </ClCompile>
    <ClCompile Include="..\libs\lua-5.3.2\src\lparser.c">
      <Filter>lua</Filter>
    </ClCompile>
    <ClCompile Include="..\libs\lua-5.3.2\src\lstate.c">
      <Filter>lua</Filter>
    </ClCompile>
    <ClCompile Include="..\libs\lua-5.3.2\src\lstring.c">
      <Filter>lua</Filter>
    </ClCompile>
    <ClCompile Include="..\libs\lua-5.3.2\src\lstrlib.c">
      <Filter>lua</Filter>
    </ClCompile>
    <ClCompile Include="..\libs\lua-5.3.2\src\ltable.c">
      <Filter>lua</Filter>
    </ClCompile>
    <ClCompile Include="..\libs\lua-5.3.2\src\ltablib.c">
      <Filter>lua</Filter>
    </ClCompile>
    <ClCompile Include="..\libs\lua-5.3.2\src\ltm.c">
      <Filter>lua</Filter>
    </ClCompile>
    <ClCompile Include="..\libs\lua-5.3.2\src\lundump.c">
      <Filter>lua</Filter>
    </ClCompile>
    <ClCompile Include="..\libs\lua-5.3.2\src\lutf8lib.c">
      <Filter>lua</Filter>
    </ClCompile>
    <ClCompile Include="..\libs\lua-5.3.2\src\lvm.c">
      <Filter>lua</Filter>
    </ClCompile>
    <ClCompile Include="..\libs\lua-5.3.2\src\lzio.c">
      <Filter>lua</Filter>
    </ClCompile>
    <ClCompile Include="LuaBindings.cpp">
      <Filter>Source Files</Filter>
    </ClCompile>
    <ClCompile Include="Engine.cpp">
      <Filter>Source Files</Filter>
    </ClCompile>
    <ClCompile Include="Renderer.cpp">
      <Filter>Source Files</Filter>
    </ClCompile>
  </ItemGroup>
  <ItemGroup>
    <ClInclude Include="..\libs\lua-5.3.2\src\lapi.h">
      <Filter>lua</Filter>
    </ClInclude>
    <ClInclude Include="..\libs\lua-5.3.2\src\lauxlib.h">
      <Filter>lua</Filter>
    </ClInclude>
    <ClInclude Include="..\libs\lua-5.3.2\src\lcode.h">
      <Filter>lua</Filter>
    </ClInclude>
    <ClInclude Include="..\libs\lua-5.3.2\src\lctype.h">
      <Filter>lua</Filter>
    </ClInclude>
    <ClInclude Include="..\libs\lua-5.3.2\src\ldebug.h">
      <Filter>lua</Filter>
    </ClInclude>
    <ClInclude Include="..\libs\lua-5.3.2\src\ldo.h">
      <Filter>lua</Filter>
    </ClInclude>
    <ClInclude Include="..\libs\lua-5.3.2\src\lfunc.h">
      <Filter>lua</Filter>
    </ClInclude>
    <ClInclude Include="..\libs\lua-5.3.2\src\lgc.h">
      <Filter>lua</Filter>
    </ClInclude>
    <ClInclude Include="..\libs\lua-5.3.2\src\llex.h">
      <Filter>lua</Filter>
    </ClInclude>
    <ClInclude Include="..\libs\lua-5.3.2\src\llimits.h">
      <Filter>lua</Filter>
    </ClInclude>
    <ClInclude Include="..\libs\lua-5.3.2\src\lmem.h">
      <Filter>lua</Filter>
    </ClInclude>
    <ClInclude Include="..\libs\lua-5.3.2\src\lobject.h">
      <Filter>lua</Filter>
    </ClInclude>
    <ClInclude Include="..\libs\lua-5.3.2\src\lopcodes.h">
      <Filter>lua</Filter>
    </ClInclude>
    <ClInclude Include="..\libs\lua-5.3.2\src\lparser.h">
      <Filter>lua</Filter>
    </ClInclude>
    <ClInclude Include="..\libs\lua-5.3.2\src\lprefix.h">
      <Filter>lua</Filter>
    </ClInclude>
    <ClInclude Include="..\libs\lua-5.3.2\src\lstate.h">
      <Filter>lua</Filter>
    </ClInclude>
    <ClInclude Include="..\libs\lua-5.3.2\src\lstring.h">
      <Filter>lua</Filter>
    </ClInclude>
    <ClInclude Include="..\libs\lua-5.3.2\src\ltable.h">
      <Filter>lua</Filter>
    </ClInclude>
    <ClInclude Include="..\libs\lua-5.3.2\src\ltm.h">
      <Filter>lua</Filter>
    </ClInclude>
    <ClInclude Include="..\libs\lua-5.3.2\src\lua.h">
      <Filter>lua</Filter>
    </ClInclude>
    <ClInclude Include="..\libs\lua-5.3.2\src\lua.hpp">
      <Filter>lua</Filter>
    </ClInclude>
    <ClInclude Include="..\libs\lua-5.3.2\src\luaconf.h">
      <Filter>lua</Filter>
    </ClInclude>
    <ClInclude Include="..\libs\lua-5.3.2\src\lualib.h">
      <Filter>lua</Filter>
    </ClInclude>
    <ClInclude Include="..\libs\lua-5.3.2\src\lundump.h">
      <Filter>lua</Filter>
    </ClInclude>
    <ClInclude Include="..\libs\lua-5.3.2\src\lvm.h">
      <Filter>lua</Filter>
    </ClInclude>
    <ClInclude Include="..\libs\lua-5.3.2\src\lzio.h">
      <Filter>lua</Filter>
    </ClInclude>
    <ClInclude Include="LuaBindings.h">
      <Filter>Header Files</Filter>
    </ClInclude>
    <ClInclude Include="Engine.h">
      <Filter>Header Files</Filter>
    </ClInclude>
    <ClInclude Include="Renderer.h">
      <Filter>Header Files</Filter>
    </ClInclude>
  </ItemGroup>
</Project>