<?xml version="1.0" encoding="utf-8"?>
<Project ToolsVersion="4.0" xmlns="http://schemas.microsoft.com/developer/msbuild/2003">
  <ItemGroup>
    <Filter Include="Source Files">
      <UniqueIdentifier>{4FC737F1-C7A5-4376-A066-2A32D752A2FF}</UniqueIdentifier>
      <Extensions>cpp;c;cc;cxx;def;odl;idl;hpj;bat;asm;asmx</Extensions>
    </Filter>
    <Filter Include="Header Files">
      <UniqueIdentifier>{93995380-89BD-4b04-88EB-625FBE52EBFB}</UniqueIdentifier>
      <Extensions>h;hh;hpp;hxx;hm;inl;inc;xsd</Extensions>
    </Filter>
    <Filter Include="lua">
      <UniqueIdentifier>{c1feb96e-784b-42e8-ad0b-b5fe111d0d24}</UniqueIdentifier>
    </Filter>
    <Filter Include="Source Files\AssetManagers">
      <UniqueIdentifier>{85368266-6879-43ea-9853-5de432dd25cc}</UniqueIdentifier>
    </Filter>
    <Filter Include="glew">
      <UniqueIdentifier>{fce2b90a-7c74-48b8-b4e6-884af46c2217}</UniqueIdentifier>
    </Filter>
    <Filter Include="rapidXML">
      <UniqueIdentifier>{c176ae15-a4f1-4949-b13d-b690a5cf8e86}</UniqueIdentifier>
    </Filter>
    <Filter Include="Source Files\Scenes">
      <UniqueIdentifier>{eebe3db9-37a5-4a57-92fc-32ba2f0e77a3}</UniqueIdentifier>
    </Filter>
    <Filter Include="Header Files\Scenes">
      <UniqueIdentifier>{1a1932a4-f9ab-442f-aa21-f1d94bc2de2e}</UniqueIdentifier>
    </Filter>
    <Filter Include="Source Files\GameObjects">
      <UniqueIdentifier>{ad939f7b-e960-4681-b9ef-771079c57dfa}</UniqueIdentifier>
    </Filter>
    <Filter Include="Header Files\GameObjects">
      <UniqueIdentifier>{54765119-90f8-4214-9c8f-93f296760ef1}</UniqueIdentifier>
    </Filter>
    <Filter Include="Header Files\GameObjectLoaders">
      <UniqueIdentifier>{4aee1a6b-d419-476c-83e8-c44c8017bc4a}</UniqueIdentifier>
    </Filter>
    <Filter Include="Source Files\GameObjectLoaders">
      <UniqueIdentifier>{9ffdebbb-fc83-4736-97bb-070748eae1ca}</UniqueIdentifier>
    </Filter>
    <Filter Include="Header Files\Components">
      <UniqueIdentifier>{4ce3f2f4-dfe8-475d-99df-9711d47dfdb7}</UniqueIdentifier>
    </Filter>
    <Filter Include="physfs">
      <UniqueIdentifier>{540c3ab8-fcc7-4e7b-b352-60f0f96a266a}</UniqueIdentifier>
    </Filter>
    <Filter Include="Header Files\Resource Files">
      <UniqueIdentifier>{67DA6AB6-F800-4c08-8B7A-83BB121AAD01}</UniqueIdentifier>
      <Extensions>rc;ico;cur;bmp;dlg;rc2;rct;bin;rgs;gif;jpg;jpeg;jpe;resx;tiff;tif;png;wav;mfcribbon-ms</Extensions>
    </Filter>
  </ItemGroup>
  <ItemGroup>
    <ClCompile Include="main.cpp">
      <Filter>Source Files</Filter>
    </ClCompile>
    <ClCompile Include="..\libs\lua-5.3.2\src\lapi.c">
      <Filter>lua</Filter>
    </ClCompile>
    <ClCompile Include="..\libs\lua-5.3.2\src\lauxlib.c">
      <Filter>lua</Filter>
    </ClCompile>
    <ClCompile Include="..\libs\lua-5.3.2\src\lbaselib.c">
      <Filter>lua</Filter>
    </ClCompile>
    <ClCompile Include="..\libs\lua-5.3.2\src\lbitlib.c">
      <Filter>lua</Filter>
    </ClCompile>
    <ClCompile Include="..\libs\lua-5.3.2\src\lcode.c">
      <Filter>lua</Filter>
    </ClCompile>
    <ClCompile Include="..\libs\lua-5.3.2\src\lcorolib.c">
      <Filter>lua</Filter>
    </ClCompile>
    <ClCompile Include="..\libs\lua-5.3.2\src\lctype.c">
      <Filter>lua</Filter>
    </ClCompile>
    <ClCompile Include="..\libs\lua-5.3.2\src\ldblib.c">
      <Filter>lua</Filter>
    </ClCompile>
    <ClCompile Include="..\libs\lua-5.3.2\src\ldebug.c">
      <Filter>lua</Filter>
    </ClCompile>
    <ClCompile Include="..\libs\lua-5.3.2\src\ldo.c">
      <Filter>lua</Filter>
    </ClCompile>
    <ClCompile Include="..\libs\lua-5.3.2\src\ldump.c">
      <Filter>lua</Filter>
    </ClCompile>
    <ClCompile Include="..\libs\lua-5.3.2\src\lfunc.c">
      <Filter>lua</Filter>
    </ClCompile>
    <ClCompile Include="..\libs\lua-5.3.2\src\lgc.c">
      <Filter>lua</Filter>
    </ClCompile>
    <ClCompile Include="..\libs\lua-5.3.2\src\linit.c">
      <Filter>lua</Filter>
    </ClCompile>
    <ClCompile Include="..\libs\lua-5.3.2\src\liolib.c">
      <Filter>lua</Filter>
    </ClCompile>
    <ClCompile Include="..\libs\lua-5.3.2\src\llex.c">
      <Filter>lua</Filter>
    </ClCompile>
    <ClCompile Include="..\libs\lua-5.3.2\src\lmathlib.c">
      <Filter>lua</Filter>
    </ClCompile>
    <ClCompile Include="..\libs\lua-5.3.2\src\lmem.c">
      <Filter>lua</Filter>
    </ClCompile>
    <ClCompile Include="..\libs\lua-5.3.2\src\loadlib.c">
      <Filter>lua</Filter>
    </ClCompile>
    <ClCompile Include="..\libs\lua-5.3.2\src\lobject.c">
      <Filter>lua</Filter>
    </ClCompile>
    <ClCompile Include="..\libs\lua-5.3.2\src\lopcodes.c">
      <Filter>lua</Filter>
    </ClCompile>
    <ClCompile Include="..\libs\lua-5.3.2\src\loslib.c">
      <Filter>lua</Filter>
    </ClCompile>
    <ClCompile Include="..\libs\lua-5.3.2\src\lparser.c">
      <Filter>lua</Filter>
    </ClCompile>
    <ClCompile Include="..\libs\lua-5.3.2\src\lstate.c">
      <Filter>lua</Filter>
    </ClCompile>
    <ClCompile Include="..\libs\lua-5.3.2\src\lstring.c">
      <Filter>lua</Filter>
    </ClCompile>
    <ClCompile Include="..\libs\lua-5.3.2\src\lstrlib.c">
      <Filter>lua</Filter>
    </ClCompile>
    <ClCompile Include="..\libs\lua-5.3.2\src\ltable.c">
      <Filter>lua</Filter>
    </ClCompile>
    <ClCompile Include="..\libs\lua-5.3.2\src\ltablib.c">
      <Filter>lua</Filter>
    </ClCompile>
    <ClCompile Include="..\libs\lua-5.3.2\src\ltm.c">
      <Filter>lua</Filter>
    </ClCompile>
    <ClCompile Include="..\libs\lua-5.3.2\src\lundump.c">
      <Filter>lua</Filter>
    </ClCompile>
    <ClCompile Include="..\libs\lua-5.3.2\src\lutf8lib.c">
      <Filter>lua</Filter>
    </ClCompile>
    <ClCompile Include="..\libs\lua-5.3.2\src\lvm.c">
      <Filter>lua</Filter>
    </ClCompile>
    <ClCompile Include="..\libs\lua-5.3.2\src\lzio.c">
      <Filter>lua</Filter>
    </ClCompile>
    <ClCompile Include="Engine.cpp">
      <Filter>Source Files</Filter>
    </ClCompile>
    <ClCompile Include="Renderer.cpp">
      <Filter>Source Files</Filter>
    </ClCompile>
    <ClCompile Include="WinAssetManager.cpp">
      <Filter>Source Files\AssetManagers</Filter>
    </ClCompile>
    <ClCompile Include="IOSAssetManager.cpp">
      <Filter>Source Files\AssetManagers</Filter>
    </ClCompile>
    <ClCompile Include="Lua.cpp">
      <Filter>Source Files</Filter>
    </ClCompile>
    <ClCompile Include="Physfs2AssimpInterface.cpp">
      <Filter>Source Files</Filter>
    </ClCompile>
    <ClCompile Include="..\libs\glew\src\glew.c">
      <Filter>glew</Filter>
    </ClCompile>
    <ClCompile Include="3DAsset.cpp">
      <Filter>Source Files</Filter>
    </ClCompile>
    <ClCompile Include="Model3D.cpp">
      <Filter>Source Files</Filter>
    </ClCompile>
    <ClCompile Include="Level.cpp">
      <Filter>Source Files\Scenes</Filter>
    </ClCompile>
    <ClCompile Include="GameObject.cpp">
      <Filter>Source Files\GameObjects</Filter>
    </ClCompile>
    <ClCompile Include="Sprite.cpp">
      <Filter>Source Files\GameObjects</Filter>
    </ClCompile>
    <ClCompile Include="Scene.cpp">
      <Filter>Source Files\Scenes</Filter>
    </ClCompile>
    <ClCompile Include="GameObjectLoaderFactory.cpp">
      <Filter>Source Files\GameObjectLoaders</Filter>
    </ClCompile>
    <ClCompile Include="SpriteLoader.cpp">
      <Filter>Source Files\GameObjectLoaders</Filter>
    </ClCompile>
    <ClCompile Include="..\libs\physfs-2.0.3\crc32.c">
      <Filter>physfs</Filter>
    </ClCompile>
    <ClCompile Include="..\libs\physfs-2.0.3\deflate.c">
      <Filter>physfs</Filter>
    </ClCompile>
    <ClCompile Include="..\libs\physfs-2.0.3\dir.c">
      <Filter>physfs</Filter>
    </ClCompile>
    <ClCompile Include="..\libs\physfs-2.0.3\grp.c">
      <Filter>physfs</Filter>
    </ClCompile>
    <ClCompile Include="..\libs\physfs-2.0.3\gzio.c">
      <Filter>physfs</Filter>
    </ClCompile>
    <ClCompile Include="..\libs\physfs-2.0.3\hog.c">
      <Filter>physfs</Filter>
    </ClCompile>
    <ClCompile Include="..\libs\physfs-2.0.3\infback.c">
      <Filter>physfs</Filter>
    </ClCompile>
    <ClCompile Include="..\libs\physfs-2.0.3\inffast.c">
      <Filter>physfs</Filter>
    </ClCompile>
    <ClCompile Include="..\libs\physfs-2.0.3\inflate.c">
      <Filter>physfs</Filter>
    </ClCompile>
    <ClCompile Include="..\libs\physfs-2.0.3\inftrees.c">
      <Filter>physfs</Filter>
    </ClCompile>
    <ClCompile Include="..\libs\physfs-2.0.3\lzma.c">
      <Filter>physfs</Filter>
    </ClCompile>
    <ClCompile Include="..\libs\physfs-2.0.3\macosx.c">
      <Filter>physfs</Filter>
    </ClCompile>
    <ClCompile Include="..\libs\physfs-2.0.3\mvl.c">
      <Filter>physfs</Filter>
    </ClCompile>
    <ClCompile Include="..\libs\physfs-2.0.3\os2.c">
      <Filter>physfs</Filter>
    </ClCompile>
    <ClCompile Include="..\libs\physfs-2.0.3\physfs.c">
      <Filter>physfs</Filter>
    </ClCompile>
    <ClCompile Include="..\libs\physfs-2.0.3\physfs_byteorder.c">
      <Filter>physfs</Filter>
    </ClCompile>
    <ClCompile Include="..\libs\physfs-2.0.3\physfs_unicode.c">
      <Filter>physfs</Filter>
    </ClCompile>
    <ClCompile Include="..\libs\physfs-2.0.3\pocketpc.c">
      <Filter>physfs</Filter>
    </ClCompile>
    <ClCompile Include="..\libs\physfs-2.0.3\posix.c">
      <Filter>physfs</Filter>
    </ClCompile>
    <ClCompile Include="..\libs\physfs-2.0.3\qpak.c">
      <Filter>physfs</Filter>
    </ClCompile>
    <ClCompile Include="..\libs\physfs-2.0.3\trees.c">
      <Filter>physfs</Filter>
    </ClCompile>
    <ClCompile Include="..\libs\physfs-2.0.3\uncompr.c">
      <Filter>physfs</Filter>
    </ClCompile>
    <ClCompile Include="..\libs\physfs-2.0.3\unix.c">
      <Filter>physfs</Filter>
    </ClCompile>
    <ClCompile Include="..\libs\physfs-2.0.3\wad.c">
      <Filter>physfs</Filter>
    </ClCompile>
    <ClCompile Include="..\libs\physfs-2.0.3\windows.c">
      <Filter>physfs</Filter>
    </ClCompile>
    <ClCompile Include="..\libs\physfs-2.0.3\zip.c">
      <Filter>physfs</Filter>
    </ClCompile>
    <ClCompile Include="..\libs\physfs-2.0.3\zutil.c">
      <Filter>physfs</Filter>
    </ClCompile>
    <ClCompile Include="..\libs\physfs-2.0.3\adler32.c">
      <Filter>physfs</Filter>
    </ClCompile>
    <ClCompile Include="..\libs\physfs-2.0.3\beos.cpp">
      <Filter>physfs</Filter>
    </ClCompile>
    <ClCompile Include="..\libs\physfs-2.0.3\compress.c">
      <Filter>physfs</Filter>
    </ClCompile>
    <ClCompile Include="AbstractGameObjectLoader.cpp">
      <Filter>Source Files\GameObjectLoaders</Filter>
    </ClCompile>
  </ItemGroup>
  <ItemGroup>
    <ClInclude Include="..\libs\lua-5.3.2\src\lapi.h">
      <Filter>lua</Filter>
    </ClInclude>
    <ClInclude Include="..\libs\lua-5.3.2\src\lauxlib.h">
      <Filter>lua</Filter>
    </ClInclude>
    <ClInclude Include="..\libs\lua-5.3.2\src\lcode.h">
      <Filter>lua</Filter>
    </ClInclude>
    <ClInclude Include="..\libs\lua-5.3.2\src\lctype.h">
      <Filter>lua</Filter>
    </ClInclude>
    <ClInclude Include="..\libs\lua-5.3.2\src\ldebug.h">
      <Filter>lua</Filter>
    </ClInclude>
    <ClInclude Include="..\libs\lua-5.3.2\src\ldo.h">
      <Filter>lua</Filter>
    </ClInclude>
    <ClInclude Include="..\libs\lua-5.3.2\src\lfunc.h">
      <Filter>lua</Filter>
    </ClInclude>
    <ClInclude Include="..\libs\lua-5.3.2\src\lgc.h">
      <Filter>lua</Filter>
    </ClInclude>
    <ClInclude Include="..\libs\lua-5.3.2\src\llex.h">
      <Filter>lua</Filter>
    </ClInclude>
    <ClInclude Include="..\libs\lua-5.3.2\src\llimits.h">
      <Filter>lua</Filter>
    </ClInclude>
    <ClInclude Include="..\libs\lua-5.3.2\src\lmem.h">
      <Filter>lua</Filter>
    </ClInclude>
    <ClInclude Include="..\libs\lua-5.3.2\src\lobject.h">
      <Filter>lua</Filter>
    </ClInclude>
    <ClInclude Include="..\libs\lua-5.3.2\src\lopcodes.h">
      <Filter>lua</Filter>
    </ClInclude>
    <ClInclude Include="..\libs\lua-5.3.2\src\lparser.h">
      <Filter>lua</Filter>
    </ClInclude>
    <ClInclude Include="..\libs\lua-5.3.2\src\lprefix.h">
      <Filter>lua</Filter>
    </ClInclude>
    <ClInclude Include="..\libs\lua-5.3.2\src\lstate.h">
      <Filter>lua</Filter>
    </ClInclude>
    <ClInclude Include="..\libs\lua-5.3.2\src\lstring.h">
      <Filter>lua</Filter>
    </ClInclude>
    <ClInclude Include="..\libs\lua-5.3.2\src\ltable.h">
      <Filter>lua</Filter>
    </ClInclude>
    <ClInclude Include="..\libs\lua-5.3.2\src\ltm.h">
      <Filter>lua</Filter>
    </ClInclude>
    <ClInclude Include="..\libs\lua-5.3.2\src\lua.h">
      <Filter>lua</Filter>
    </ClInclude>
    <ClInclude Include="..\libs\lua-5.3.2\src\lua.hpp">
      <Filter>lua</Filter>
    </ClInclude>
    <ClInclude Include="..\libs\lua-5.3.2\src\luaconf.h">
      <Filter>lua</Filter>
    </ClInclude>
    <ClInclude Include="..\libs\lua-5.3.2\src\lualib.h">
      <Filter>lua</Filter>
    </ClInclude>
    <ClInclude Include="..\libs\lua-5.3.2\src\lundump.h">
      <Filter>lua</Filter>
    </ClInclude>
    <ClInclude Include="..\libs\lua-5.3.2\src\lvm.h">
      <Filter>lua</Filter>
    </ClInclude>
    <ClInclude Include="..\libs\lua-5.3.2\src\lzio.h">
      <Filter>lua</Filter>
    </ClInclude>
    <ClInclude Include="Engine.h">
      <Filter>Header Files</Filter>
    </ClInclude>
    <ClInclude Include="Renderer.h">
      <Filter>Header Files</Filter>
    </ClInclude>
    <ClInclude Include="AssetManager.h">
      <Filter>Header Files</Filter>
    </ClInclude>
    <ClInclude Include="Lua.h">
      <Filter>Header Files</Filter>
    </ClInclude>
    <ClInclude Include="3DAsset.h">
      <Filter>Header Files</Filter>
    </ClInclude>
    <ClInclude Include="Physfs2AssimpInterface.h">
      <Filter>Header Files</Filter>
    </ClInclude>
    <ClInclude Include="Model3D.h">
      <Filter>Header Files</Filter>
    </ClInclude>
    <ClInclude Include="Texture.h">
      <Filter>Header Files</Filter>
    </ClInclude>
    <ClInclude Include="..\libs\rapidxml-1.13\rapidxml_print.hpp">
      <Filter>rapidXML</Filter>
    </ClInclude>
    <ClInclude Include="..\libs\rapidxml-1.13\rapidxml_utils.hpp">
      <Filter>rapidXML</Filter>
    </ClInclude>
    <ClInclude Include="..\libs\rapidxml-1.13\rapidxml.hpp">
      <Filter>rapidXML</Filter>
    </ClInclude>
    <ClInclude Include="..\libs\rapidxml-1.13\rapidxml_iterators.hpp">
      <Filter>rapidXML</Filter>
    </ClInclude>
    <ClInclude Include="Level.h">
      <Filter>Header Files\Scenes</Filter>
    </ClInclude>
    <ClInclude Include="Sprite.h">
      <Filter>Header Files\GameObjects</Filter>
    </ClInclude>
    <ClInclude Include="GameObject.h">
      <Filter>Header Files\GameObjects</Filter>
    </ClInclude>
    <ClInclude Include="Scene.h">
      <Filter>Header Files\Scenes</Filter>
    </ClInclude>
    <ClInclude Include="AbstractGameObjectLoader.h">
      <Filter>Header Files\GameObjectLoaders</Filter>
    </ClInclude>
    <ClInclude Include="GameObjectLoaderFactory.h">
      <Filter>Header Files\GameObjectLoaders</Filter>
    </ClInclude>
    <ClInclude Include="SpriteLoader.h">
      <Filter>Header Files\GameObjectLoaders</Filter>
    </ClInclude>
    <ClInclude Include="Transform.h">
      <Filter>Header Files\Components</Filter>
    </ClInclude>
    <ClInclude Include="mhfile.h">
      <Filter>Header Files</Filter>
    </ClInclude>
    <ClInclude Include="ConfigurationManager.h">
      <Filter>Header Files</Filter>
    </ClInclude>
    <ClInclude Include="..\libs\physfs-2.0.3\crc32.h">
      <Filter>physfs</Filter>
    </ClInclude>
    <ClInclude Include="..\libs\physfs-2.0.3\deflate.h">
      <Filter>physfs</Filter>
    </ClInclude>
    <ClInclude Include="..\libs\physfs-2.0.3\inffast.h">
      <Filter>physfs</Filter>
    </ClInclude>
    <ClInclude Include="..\libs\physfs-2.0.3\inffixed.h">
      <Filter>physfs</Filter>
    </ClInclude>
    <ClInclude Include="..\libs\physfs-2.0.3\inflate.h">
      <Filter>physfs</Filter>
    </ClInclude>
    <ClInclude Include="..\libs\physfs-2.0.3\inftrees.h">
      <Filter>physfs</Filter>
    </ClInclude>
    <ClInclude Include="..\libs\physfs-2.0.3\physfs.h">
      <Filter>physfs</Filter>
    </ClInclude>
    <ClInclude Include="..\libs\physfs-2.0.3\physfs_casefolding.h">
      <Filter>physfs</Filter>
    </ClInclude>
    <ClInclude Include="..\libs\physfs-2.0.3\physfs_internal.h">
      <Filter>physfs</Filter>
    </ClInclude>
    <ClInclude Include="..\libs\physfs-2.0.3\physfs_platforms.h">
      <Filter>physfs</Filter>
    </ClInclude>
    <ClInclude Include="..\libs\physfs-2.0.3\trees.h">
      <Filter>physfs</Filter>
    </ClInclude>
    <ClInclude Include="..\libs\physfs-2.0.3\zconf.h">
      <Filter>physfs</Filter>
    </ClInclude>
    <ClInclude Include="..\libs\physfs-2.0.3\zlib.h">
      <Filter>physfs</Filter>
    </ClInclude>
    <ClInclude Include="..\libs\physfs-2.0.3\zutil.h">
      <Filter>physfs</Filter>
    </ClInclude>
    <ClInclude Include="Common.h">
      <Filter>Header Files</Filter>
    </ClInclude>
  </ItemGroup>
  <ItemGroup>
    <Text Include="..\libs\physfs-2.0.3\LICENSE.txt">
      <Filter>physfs</Filter>
    </Text>
  </ItemGroup>
</Project>